// !$*UTF8*$!
{
	archiveVersion = 1;
	classes = {
	};
	objectVersion = 50;
	objects = {

/* Begin PBXBuildFile section */
		058DE7EB20C7B43300703892 /* AppDelegate.swift in Sources */ = {isa = PBXBuildFile; fileRef = 058DE7EA20C7B43300703892 /* AppDelegate.swift */; };
		058DE7ED20C7B43300703892 /* ViewController.swift in Sources */ = {isa = PBXBuildFile; fileRef = 058DE7EC20C7B43300703892 /* ViewController.swift */; };
		058DE7F020C7B43300703892 /* Main.storyboard in Resources */ = {isa = PBXBuildFile; fileRef = 058DE7EE20C7B43300703892 /* Main.storyboard */; };
		058DE7F220C7B43400703892 /* Assets.xcassets in Resources */ = {isa = PBXBuildFile; fileRef = 058DE7F120C7B43400703892 /* Assets.xcassets */; };
		058DE7F520C7B43400703892 /* LaunchScreen.storyboard in Resources */ = {isa = PBXBuildFile; fileRef = 058DE7F320C7B43400703892 /* LaunchScreen.storyboard */; };
		058DE80020C7B43400703892 /* JBLKlineViewDemoTests.swift in Sources */ = {isa = PBXBuildFile; fileRef = 058DE7FF20C7B43400703892 /* JBLKlineViewDemoTests.swift */; };
		058DE80B20C7B43400703892 /* JBLKlineViewDemoUITests.swift in Sources */ = {isa = PBXBuildFile; fileRef = 058DE80A20C7B43400703892 /* JBLKlineViewDemoUITests.swift */; };
/* End PBXBuildFile section */

/* Begin PBXContainerItemProxy section */
		058DE7FC20C7B43400703892 /* PBXContainerItemProxy */ = {
			isa = PBXContainerItemProxy;
			containerPortal = 058DE7DF20C7B43300703892 /* Project object */;
			proxyType = 1;
			remoteGlobalIDString = 058DE7E620C7B43300703892;
			remoteInfo = JBLKlineViewDemo;
		};
		058DE80720C7B43400703892 /* PBXContainerItemProxy */ = {
			isa = PBXContainerItemProxy;
			containerPortal = 058DE7DF20C7B43300703892 /* Project object */;
			proxyType = 1;
			remoteGlobalIDString = 058DE7E620C7B43300703892;
			remoteInfo = JBLKlineViewDemo;
		};
/* End PBXContainerItemProxy section */

/* Begin PBXFileReference section */
		058DE7E720C7B43300703892 /* JBLKlineViewDemo.app */ = {isa = PBXFileReference; explicitFileType = wrapper.application; includeInIndex = 0; path = JBLKlineViewDemo.app; sourceTree = BUILT_PRODUCTS_DIR; };
		058DE7EA20C7B43300703892 /* AppDelegate.swift */ = {isa = PBXFileReference; lastKnownFileType = sourcecode.swift; path = AppDelegate.swift; sourceTree = "<group>"; };
		058DE7EC20C7B43300703892 /* ViewController.swift */ = {isa = PBXFileReference; lastKnownFileType = sourcecode.swift; path = ViewController.swift; sourceTree = "<group>"; };
		058DE7EF20C7B43300703892 /* Base */ = {isa = PBXFileReference; lastKnownFileType = file.storyboard; name = Base; path = Base.lproj/Main.storyboard; sourceTree = "<group>"; };
		058DE7F120C7B43400703892 /* Assets.xcassets */ = {isa = PBXFileReference; lastKnownFileType = folder.assetcatalog; path = Assets.xcassets; sourceTree = "<group>"; };
		058DE7F420C7B43400703892 /* Base */ = {isa = PBXFileReference; lastKnownFileType = file.storyboard; name = Base; path = Base.lproj/LaunchScreen.storyboard; sourceTree = "<group>"; };
		058DE7F620C7B43400703892 /* Info.plist */ = {isa = PBXFileReference; lastKnownFileType = text.plist.xml; path = Info.plist; sourceTree = "<group>"; };
		058DE7FB20C7B43400703892 /* JBLKlineViewDemoTests.xctest */ = {isa = PBXFileReference; explicitFileType = wrapper.cfbundle; includeInIndex = 0; path = JBLKlineViewDemoTests.xctest; sourceTree = BUILT_PRODUCTS_DIR; };
		058DE7FF20C7B43400703892 /* JBLKlineViewDemoTests.swift */ = {isa = PBXFileReference; lastKnownFileType = sourcecode.swift; path = JBLKlineViewDemoTests.swift; sourceTree = "<group>"; };
		058DE80120C7B43400703892 /* Info.plist */ = {isa = PBXFileReference; lastKnownFileType = text.plist.xml; path = Info.plist; sourceTree = "<group>"; };
		058DE80620C7B43400703892 /* JBLKlineViewDemoUITests.xctest */ = {isa = PBXFileReference; explicitFileType = wrapper.cfbundle; includeInIndex = 0; path = JBLKlineViewDemoUITests.xctest; sourceTree = BUILT_PRODUCTS_DIR; };
		058DE80A20C7B43400703892 /* JBLKlineViewDemoUITests.swift */ = {isa = PBXFileReference; lastKnownFileType = sourcecode.swift; path = JBLKlineViewDemoUITests.swift; sourceTree = "<group>"; };
		058DE80C20C7B43400703892 /* Info.plist */ = {isa = PBXFileReference; lastKnownFileType = text.plist.xml; path = Info.plist; sourceTree = "<group>"; };
/* End PBXFileReference section */

/* Begin PBXFrameworksBuildPhase section */
		058DE7E420C7B43300703892 /* Frameworks */ = {
			isa = PBXFrameworksBuildPhase;
			buildActionMask = 2147483647;
			files = (
			);
			runOnlyForDeploymentPostprocessing = 0;
		};
		058DE7F820C7B43400703892 /* Frameworks */ = {
			isa = PBXFrameworksBuildPhase;
			buildActionMask = 2147483647;
			files = (
			);
			runOnlyForDeploymentPostprocessing = 0;
		};
		058DE80320C7B43400703892 /* Frameworks */ = {
			isa = PBXFrameworksBuildPhase;
			buildActionMask = 2147483647;
			files = (
			);
			runOnlyForDeploymentPostprocessing = 0;
		};
/* End PBXFrameworksBuildPhase section */

/* Begin PBXGroup section */
		058DE7DE20C7B43300703892 = {
			isa = PBXGroup;
			children = (
				058DE7E920C7B43300703892 /* JBLKlineViewDemo */,
				058DE7FE20C7B43400703892 /* JBLKlineViewDemoTests */,
				058DE80920C7B43400703892 /* JBLKlineViewDemoUITests */,
				058DE7E820C7B43300703892 /* Products */,
			);
			sourceTree = "<group>";
		};
		058DE7E820C7B43300703892 /* Products */ = {
			isa = PBXGroup;
			children = (
				058DE7E720C7B43300703892 /* JBLKlineViewDemo.app */,
				058DE7FB20C7B43400703892 /* JBLKlineViewDemoTests.xctest */,
				058DE80620C7B43400703892 /* JBLKlineViewDemoUITests.xctest */,
			);
			name = Products;
			sourceTree = "<group>";
		};
		058DE7E920C7B43300703892 /* JBLKlineViewDemo */ = {
			isa = PBXGroup;
			children = (
				058DE7EA20C7B43300703892 /* AppDelegate.swift */,
				058DE7EC20C7B43300703892 /* ViewController.swift */,
				058DE7EE20C7B43300703892 /* Main.storyboard */,
				058DE7F120C7B43400703892 /* Assets.xcassets */,
				058DE7F320C7B43400703892 /* LaunchScreen.storyboard */,
				058DE7F620C7B43400703892 /* Info.plist */,
			);
			path = JBLKlineViewDemo;
			sourceTree = "<group>";
		};
		058DE7FE20C7B43400703892 /* JBLKlineViewDemoTests */ = {
			isa = PBXGroup;
			children = (
				058DE7FF20C7B43400703892 /* JBLKlineViewDemoTests.swift */,
				058DE80120C7B43400703892 /* Info.plist */,
			);
			path = JBLKlineViewDemoTests;
			sourceTree = "<group>";
		};
		058DE80920C7B43400703892 /* JBLKlineViewDemoUITests */ = {
			isa = PBXGroup;
			children = (
				058DE80A20C7B43400703892 /* JBLKlineViewDemoUITests.swift */,
				058DE80C20C7B43400703892 /* Info.plist */,
			);
			path = JBLKlineViewDemoUITests;
			sourceTree = "<group>";
		};
/* End PBXGroup section */

/* Begin PBXNativeTarget section */
		058DE7E620C7B43300703892 /* JBLKlineViewDemo */ = {
			isa = PBXNativeTarget;
			buildConfigurationList = 058DE80F20C7B43400703892 /* Build configuration list for PBXNativeTarget "JBLKlineViewDemo" */;
			buildPhases = (
				058DE7E320C7B43300703892 /* Sources */,
				058DE7E420C7B43300703892 /* Frameworks */,
				058DE7E520C7B43300703892 /* Resources */,
			);
			buildRules = (
			);
			dependencies = (
			);
			name = JBLKlineViewDemo;
			productName = JBLKlineViewDemo;
			productReference = 058DE7E720C7B43300703892 /* JBLKlineViewDemo.app */;
			productType = "com.apple.product-type.application";
		};
		058DE7FA20C7B43400703892 /* JBLKlineViewDemoTests */ = {
			isa = PBXNativeTarget;
			buildConfigurationList = 058DE81220C7B43400703892 /* Build configuration list for PBXNativeTarget "JBLKlineViewDemoTests" */;
			buildPhases = (
				058DE7F720C7B43400703892 /* Sources */,
				058DE7F820C7B43400703892 /* Frameworks */,
				058DE7F920C7B43400703892 /* Resources */,
			);
			buildRules = (
			);
			dependencies = (
				058DE7FD20C7B43400703892 /* PBXTargetDependency */,
			);
			name = JBLKlineViewDemoTests;
			productName = JBLKlineViewDemoTests;
			productReference = 058DE7FB20C7B43400703892 /* JBLKlineViewDemoTests.xctest */;
			productType = "com.apple.product-type.bundle.unit-test";
		};
		058DE80520C7B43400703892 /* JBLKlineViewDemoUITests */ = {
			isa = PBXNativeTarget;
			buildConfigurationList = 058DE81520C7B43400703892 /* Build configuration list for PBXNativeTarget "JBLKlineViewDemoUITests" */;
			buildPhases = (
				058DE80220C7B43400703892 /* Sources */,
				058DE80320C7B43400703892 /* Frameworks */,
				058DE80420C7B43400703892 /* Resources */,
			);
			buildRules = (
			);
			dependencies = (
				058DE80820C7B43400703892 /* PBXTargetDependency */,
			);
			name = JBLKlineViewDemoUITests;
			productName = JBLKlineViewDemoUITests;
			productReference = 058DE80620C7B43400703892 /* JBLKlineViewDemoUITests.xctest */;
			productType = "com.apple.product-type.bundle.ui-testing";
		};
/* End PBXNativeTarget section */

/* Begin PBXProject section */
		058DE7DF20C7B43300703892 /* Project object */ = {
			isa = PBXProject;
			attributes = {
				LastSwiftUpdateCheck = 0930;
				LastUpgradeCheck = 0930;
				ORGANIZATIONNAME = Personal;
				TargetAttributes = {
					058DE7E620C7B43300703892 = {
						CreatedOnToolsVersion = 9.3;
					};
					058DE7FA20C7B43400703892 = {
						CreatedOnToolsVersion = 9.3;
						TestTargetID = 058DE7E620C7B43300703892;
					};
					058DE80520C7B43400703892 = {
						CreatedOnToolsVersion = 9.3;
						TestTargetID = 058DE7E620C7B43300703892;
					};
				};
			};
			buildConfigurationList = 058DE7E220C7B43300703892 /* Build configuration list for PBXProject "JBLKlineViewDemo" */;
			compatibilityVersion = "Xcode 9.3";
			developmentRegion = en;
			hasScannedForEncodings = 0;
			knownRegions = (
				en,
				Base,
			);
			mainGroup = 058DE7DE20C7B43300703892;
			productRefGroup = 058DE7E820C7B43300703892 /* Products */;
			projectDirPath = "";
			projectRoot = "";
			targets = (
				058DE7E620C7B43300703892 /* JBLKlineViewDemo */,
				058DE7FA20C7B43400703892 /* JBLKlineViewDemoTests */,
				058DE80520C7B43400703892 /* JBLKlineViewDemoUITests */,
			);
		};
/* End PBXProject section */

/* Begin PBXResourcesBuildPhase section */
		058DE7E520C7B43300703892 /* Resources */ = {
			isa = PBXResourcesBuildPhase;
			buildActionMask = 2147483647;
			files = (
				058DE7F520C7B43400703892 /* LaunchScreen.storyboard in Resources */,
				058DE7F220C7B43400703892 /* Assets.xcassets in Resources */,
				058DE7F020C7B43300703892 /* Main.storyboard in Resources */,
			);
			runOnlyForDeploymentPostprocessing = 0;
		};
		058DE7F920C7B43400703892 /* Resources */ = {
			isa = PBXResourcesBuildPhase;
			buildActionMask = 2147483647;
			files = (
			);
			runOnlyForDeploymentPostprocessing = 0;
		};
		058DE80420C7B43400703892 /* Resources */ = {
			isa = PBXResourcesBuildPhase;
			buildActionMask = 2147483647;
			files = (
			);
			runOnlyForDeploymentPostprocessing = 0;
		};
/* End PBXResourcesBuildPhase section */

/* Begin PBXSourcesBuildPhase section */
		058DE7E320C7B43300703892 /* Sources */ = {
			isa = PBXSourcesBuildPhase;
			buildActionMask = 2147483647;
			files = (
				058DE7ED20C7B43300703892 /* ViewController.swift in Sources */,
				058DE7EB20C7B43300703892 /* AppDelegate.swift in Sources */,
			);
			runOnlyForDeploymentPostprocessing = 0;
		};
		058DE7F720C7B43400703892 /* Sources */ = {
			isa = PBXSourcesBuildPhase;
			buildActionMask = 2147483647;
			files = (
				058DE80020C7B43400703892 /* JBLKlineViewDemoTests.swift in Sources */,
			);
			runOnlyForDeploymentPostprocessing = 0;
		};
		058DE80220C7B43400703892 /* Sources */ = {
			isa = PBXSourcesBuildPhase;
			buildActionMask = 2147483647;
			files = (
				058DE80B20C7B43400703892 /* JBLKlineViewDemoUITests.swift in Sources */,
			);
			runOnlyForDeploymentPostprocessing = 0;
		};
/* End PBXSourcesBuildPhase section */

/* Begin PBXTargetDependency section */
		058DE7FD20C7B43400703892 /* PBXTargetDependency */ = {
			isa = PBXTargetDependency;
			target = 058DE7E620C7B43300703892 /* JBLKlineViewDemo */;
			targetProxy = 058DE7FC20C7B43400703892 /* PBXContainerItemProxy */;
		};
		058DE80820C7B43400703892 /* PBXTargetDependency */ = {
			isa = PBXTargetDependency;
			target = 058DE7E620C7B43300703892 /* JBLKlineViewDemo */;
			targetProxy = 058DE80720C7B43400703892 /* PBXContainerItemProxy */;
		};
/* End PBXTargetDependency section */

/* Begin PBXVariantGroup section */
		058DE7EE20C7B43300703892 /* Main.storyboard */ = {
			isa = PBXVariantGroup;
			children = (
				058DE7EF20C7B43300703892 /* Base */,
			);
			name = Main.storyboard;
			sourceTree = "<group>";
		};
		058DE7F320C7B43400703892 /* LaunchScreen.storyboard */ = {
			isa = PBXVariantGroup;
			children = (
				058DE7F420C7B43400703892 /* Base */,
			);
			name = LaunchScreen.storyboard;
			sourceTree = "<group>";
		};
/* End PBXVariantGroup section */

/* Begin XCBuildConfiguration section */
		058DE80D20C7B43400703892 /* Debug */ = {
			isa = XCBuildConfiguration;
			buildSettings = {
				ALWAYS_SEARCH_USER_PATHS = NO;
				CLANG_ANALYZER_NONNULL = YES;
				CLANG_ANALYZER_NUMBER_OBJECT_CONVERSION = YES_AGGRESSIVE;
				CLANG_CXX_LANGUAGE_STANDARD = "gnu++14";
				CLANG_CXX_LIBRARY = "libc++";
				CLANG_ENABLE_MODULES = YES;
				CLANG_ENABLE_OBJC_ARC = YES;
				CLANG_ENABLE_OBJC_WEAK = YES;
				CLANG_WARN_BLOCK_CAPTURE_AUTORELEASING = YES;
				CLANG_WARN_BOOL_CONVERSION = YES;
				CLANG_WARN_COMMA = YES;
				CLANG_WARN_CONSTANT_CONVERSION = YES;
				CLANG_WARN_DEPRECATED_OBJC_IMPLEMENTATIONS = YES;
				CLANG_WARN_DIRECT_OBJC_ISA_USAGE = YES_ERROR;
				CLANG_WARN_DOCUMENTATION_COMMENTS = YES;
				CLANG_WARN_EMPTY_BODY = YES;
				CLANG_WARN_ENUM_CONVERSION = YES;
				CLANG_WARN_INFINITE_RECURSION = YES;
				CLANG_WARN_INT_CONVERSION = YES;
				CLANG_WARN_NON_LITERAL_NULL_CONVERSION = YES;
				CLANG_WARN_OBJC_IMPLICIT_RETAIN_SELF = YES;
				CLANG_WARN_OBJC_LITERAL_CONVERSION = YES;
				CLANG_WARN_OBJC_ROOT_CLASS = YES_ERROR;
				CLANG_WARN_RANGE_LOOP_ANALYSIS = YES;
				CLANG_WARN_STRICT_PROTOTYPES = YES;
				CLANG_WARN_SUSPICIOUS_MOVE = YES;
				CLANG_WARN_UNGUARDED_AVAILABILITY = YES_AGGRESSIVE;
				CLANG_WARN_UNREACHABLE_CODE = YES;
				CLANG_WARN__DUPLICATE_METHOD_MATCH = YES;
				CODE_SIGN_IDENTITY = "iPhone Developer";
				COPY_PHASE_STRIP = NO;
				DEBUG_INFORMATION_FORMAT = dwarf;
				ENABLE_STRICT_OBJC_MSGSEND = YES;
				ENABLE_TESTABILITY = YES;
				GCC_C_LANGUAGE_STANDARD = gnu11;
				GCC_DYNAMIC_NO_PIC = NO;
				GCC_NO_COMMON_BLOCKS = YES;
				GCC_OPTIMIZATION_LEVEL = 0;
				GCC_PREPROCESSOR_DEFINITIONS = (
					"DEBUG=1",
					"$(inherited)",
				);
				GCC_WARN_64_TO_32_BIT_CONVERSION = YES;
				GCC_WARN_ABOUT_RETURN_TYPE = YES_ERROR;
				GCC_WARN_UNDECLARED_SELECTOR = YES;
				GCC_WARN_UNINITIALIZED_AUTOS = YES_AGGRESSIVE;
				GCC_WARN_UNUSED_FUNCTION = YES;
				GCC_WARN_UNUSED_VARIABLE = YES;
				IPHONEOS_DEPLOYMENT_TARGET = 11.3;
				MTL_ENABLE_DEBUG_INFO = YES;
				ONLY_ACTIVE_ARCH = YES;
				SDKROOT = iphoneos;
				SWIFT_ACTIVE_COMPILATION_CONDITIONS = DEBUG;
				SWIFT_OPTIMIZATION_LEVEL = "-Onone";
			};
			name = Debug;
		};
		058DE80E20C7B43400703892 /* Release */ = {
			isa = XCBuildConfiguration;
			buildSettings = {
				ALWAYS_SEARCH_USER_PATHS = NO;
				CLANG_ANALYZER_NONNULL = YES;
				CLANG_ANALYZER_NUMBER_OBJECT_CONVERSION = YES_AGGRESSIVE;
				CLANG_CXX_LANGUAGE_STANDARD = "gnu++14";
				CLANG_CXX_LIBRARY = "libc++";
				CLANG_ENABLE_MODULES = YES;
				CLANG_ENABLE_OBJC_ARC = YES;
				CLANG_ENABLE_OBJC_WEAK = YES;
				CLANG_WARN_BLOCK_CAPTURE_AUTORELEASING = YES;
				CLANG_WARN_BOOL_CONVERSION = YES;
				CLANG_WARN_COMMA = YES;
				CLANG_WARN_CONSTANT_CONVERSION = YES;
				CLANG_WARN_DEPRECATED_OBJC_IMPLEMENTATIONS = YES;
				CLANG_WARN_DIRECT_OBJC_ISA_USAGE = YES_ERROR;
				CLANG_WARN_DOCUMENTATION_COMMENTS = YES;
				CLANG_WARN_EMPTY_BODY = YES;
				CLANG_WARN_ENUM_CONVERSION = YES;
				CLANG_WARN_INFINITE_RECURSION = YES;
				CLANG_WARN_INT_CONVERSION = YES;
				CLANG_WARN_NON_LITERAL_NULL_CONVERSION = YES;
				CLANG_WARN_OBJC_IMPLICIT_RETAIN_SELF = YES;
				CLANG_WARN_OBJC_LITERAL_CONVERSION = YES;
				CLANG_WARN_OBJC_ROOT_CLASS = YES_ERROR;
				CLANG_WARN_RANGE_LOOP_ANALYSIS = YES;
				CLANG_WARN_STRICT_PROTOTYPES = YES;
				CLANG_WARN_SUSPICIOUS_MOVE = YES;
				CLANG_WARN_UNGUARDED_AVAILABILITY = YES_AGGRESSIVE;
				CLANG_WARN_UNREACHABLE_CODE = YES;
				CLANG_WARN__DUPLICATE_METHOD_MATCH = YES;
				CODE_SIGN_IDENTITY = "iPhone Developer";
				COPY_PHASE_STRIP = NO;
				DEBUG_INFORMATION_FORMAT = "dwarf-with-dsym";
				ENABLE_NS_ASSERTIONS = NO;
				ENABLE_STRICT_OBJC_MSGSEND = YES;
				GCC_C_LANGUAGE_STANDARD = gnu11;
				GCC_NO_COMMON_BLOCKS = YES;
				GCC_WARN_64_TO_32_BIT_CONVERSION = YES;
				GCC_WARN_ABOUT_RETURN_TYPE = YES_ERROR;
				GCC_WARN_UNDECLARED_SELECTOR = YES;
				GCC_WARN_UNINITIALIZED_AUTOS = YES_AGGRESSIVE;
				GCC_WARN_UNUSED_FUNCTION = YES;
				GCC_WARN_UNUSED_VARIABLE = YES;
				IPHONEOS_DEPLOYMENT_TARGET = 11.3;
				MTL_ENABLE_DEBUG_INFO = NO;
				SDKROOT = iphoneos;
				SWIFT_COMPILATION_MODE = wholemodule;
				SWIFT_OPTIMIZATION_LEVEL = "-O";
				VALIDATE_PRODUCT = YES;
			};
			name = Release;
		};
		058DE81020C7B43400703892 /* Debug */ = {
			isa = XCBuildConfiguration;
			buildSettings = {
				ASSETCATALOG_COMPILER_APPICON_NAME = AppIcon;
				CODE_SIGN_STYLE = Automatic;
				INFOPLIST_FILE = JBLKlineViewDemo/Info.plist;
				LD_RUNPATH_SEARCH_PATHS = (
					"$(inherited)",
					"@executable_path/Frameworks",
				);
				PRODUCT_BUNDLE_IDENTIFIER = com.mark.JBLKlineViewDemo;
				PRODUCT_NAME = "$(TARGET_NAME)";
				SWIFT_VERSION = 4.0;
				TARGETED_DEVICE_FAMILY = "1,2";
			};
			name = Debug;
		};
		058DE81120C7B43400703892 /* Release */ = {
			isa = XCBuildConfiguration;
			buildSettings = {
				ASSETCATALOG_COMPILER_APPICON_NAME = AppIcon;
				CODE_SIGN_STYLE = Automatic;
				INFOPLIST_FILE = JBLKlineViewDemo/Info.plist;
				LD_RUNPATH_SEARCH_PATHS = (
					"$(inherited)",
					"@executable_path/Frameworks",
				);
				PRODUCT_BUNDLE_IDENTIFIER = com.mark.JBLKlineViewDemo;
				PRODUCT_NAME = "$(TARGET_NAME)";
				SWIFT_VERSION = 4.0;
				TARGETED_DEVICE_FAMILY = "1,2";
			};
			name = Release;
		};
		058DE81320C7B43400703892 /* Debug */ = {
			isa = XCBuildConfiguration;
			buildSettings = {
				ALWAYS_EMBED_SWIFT_STANDARD_LIBRARIES = YES;
				BUNDLE_LOADER = "$(TEST_HOST)";
				CODE_SIGN_STYLE = Automatic;
				INFOPLIST_FILE = JBLKlineViewDemoTests/Info.plist;
				LD_RUNPATH_SEARCH_PATHS = (
					"$(inherited)",
					"@executable_path/Frameworks",
					"@loader_path/Frameworks",
				);
				PRODUCT_BUNDLE_IDENTIFIER = com.mark.JBLKlineViewDemoTests;
				PRODUCT_NAME = "$(TARGET_NAME)";
				SWIFT_VERSION = 4.0;
				TARGETED_DEVICE_FAMILY = "1,2";
				TEST_HOST = "$(BUILT_PRODUCTS_DIR)/JBLKlineViewDemo.app/JBLKlineViewDemo";
			};
			name = Debug;
		};
		058DE81420C7B43400703892 /* Release */ = {
			isa = XCBuildConfiguration;
			buildSettings = {
				ALWAYS_EMBED_SWIFT_STANDARD_LIBRARIES = YES;
				BUNDLE_LOADER = "$(TEST_HOST)";
				CODE_SIGN_STYLE = Automatic;
				INFOPLIST_FILE = JBLKlineViewDemoTests/Info.plist;
				LD_RUNPATH_SEARCH_PATHS = (
					"$(inherited)",
					"@executable_path/Frameworks",
					"@loader_path/Frameworks",
				);
				PRODUCT_BUNDLE_IDENTIFIER = com.mark.JBLKlineViewDemoTests;
				PRODUCT_NAME = "$(TARGET_NAME)";
				SWIFT_VERSION = 4.0;
				TARGETED_DEVICE_FAMILY = "1,2";
				TEST_HOST = "$(BUILT_PRODUCTS_DIR)/JBLKlineViewDemo.app/JBLKlineViewDemo";
			};
			name = Release;
		};
		058DE81620C7B43400703892 /* Debug */ = {
			isa = XCBuildConfiguration;
			buildSettings = {
				ALWAYS_EMBED_SWIFT_STANDARD_LIBRARIES = YES;
				CODE_SIGN_STYLE = Automatic;
				INFOPLIST_FILE = JBLKlineViewDemoUITests/Info.plist;
				LD_RUNPATH_SEARCH_PATHS = (
					"$(inherited)",
					"@executable_path/Frameworks",
					"@loader_path/Frameworks",
				);
				PRODUCT_BUNDLE_IDENTIFIER = com.mark.JBLKlineViewDemoUITests;
				PRODUCT_NAME = "$(TARGET_NAME)";
				SWIFT_VERSION = 4.0;
				TARGETED_DEVICE_FAMILY = "1,2";
				TEST_TARGET_NAME = JBLKlineViewDemo;
			};
			name = Debug;
		};
		058DE81720C7B43400703892 /* Release */ = {
			isa = XCBuildConfiguration;
			buildSettings = {
				ALWAYS_EMBED_SWIFT_STANDARD_LIBRARIES = YES;
				CODE_SIGN_STYLE = Automatic;
				INFOPLIST_FILE = JBLKlineViewDemoUITests/Info.plist;
				LD_RUNPATH_SEARCH_PATHS = (
					"$(inherited)",
					"@executable_path/Frameworks",
					"@loader_path/Frameworks",
				);
				PRODUCT_BUNDLE_IDENTIFIER = com.mark.JBLKlineViewDemoUITests;
				PRODUCT_NAME = "$(TARGET_NAME)";
				SWIFT_VERSION = 4.0;
				TARGETED_DEVICE_FAMILY = "1,2";
				TEST_TARGET_NAME = JBLKlineViewDemo;
			};
			name = Release;
		};
/* End XCBuildConfiguration section */

/* Begin XCConfigurationList section */
		058DE7E220C7B43300703892 /* Build configuration list for PBXProject "JBLKlineViewDemo" */ = {
			isa = XCConfigurationList;
			buildConfigurations = (
				058DE80D20C7B43400703892 /* Debug */,
				058DE80E20C7B43400703892 /* Release */,
			);
			defaultConfigurationIsVisible = 0;
			defaultConfigurationName = Release;
		};
		058DE80F20C7B43400703892 /* Build configuration list for PBXNativeTarget "JBLKlineViewDemo" */ = {
			isa = XCConfigurationList;
			buildConfigurations = (
				058DE81020C7B43400703892 /* Debug */,
				058DE81120C7B43400703892 /* Release */,
			);
			defaultConfigurationIsVisible = 0;
			defaultConfigurationName = Release;
		};
		058DE81220C7B43400703892 /* Build configuration list for PBXNativeTarget "JBLKlineViewDemoTests" */ = {
			isa = XCConfigurationList;
			buildConfigurations = (
				058DE81320C7B43400703892 /* Debug */,
				058DE81420C7B43400703892 /* Release */,
			);
			defaultConfigurationIsVisible = 0;
			defaultConfigurationName = Release;
		};
		058DE81520C7B43400703892 /* Build configuration list for PBXNativeTarget "JBLKlineViewDemoUITests" */ = {
			isa = XCConfigurationList;
			buildConfigurations = (
				058DE81620C7B43400703892 /* Debug */,
				058DE81720C7B43400703892 /* Release */,
			);
			defaultConfigurationIsVisible = 0;
			defaultConfigurationName = Release;
		};
/* End XCConfigurationList section */
	};
	rootObject = 058DE7DF20C7B43300703892 /* Project object */;
}
